// !$*UTF8*$!
{
	archiveVersion = 1;
	classes = {
	};
	objectVersion = 56;
	objects = {

/* Begin PBXBuildFile section */
		7714C9522B986E2A00D5D2F1 /* ProductListUnitTests.swift in Sources */ = {isa = PBXBuildFile; fileRef = 7714C9512B986E2A00D5D2F1 /* ProductListUnitTests.swift */; };
		7714C9582B9879C800D5D2F1 /* MockProductService.swift in Sources */ = {isa = PBXBuildFile; fileRef = 7714C9572B9879C800D5D2F1 /* MockProductService.swift */; };
		7714C95C2B9891BA00D5D2F1 /* APIRouter.swift in Sources */ = {isa = PBXBuildFile; fileRef = 7714C95B2B9891BA00D5D2F1 /* APIRouter.swift */; };
		7714C95F2B9896A600D5D2F1 /* ProductListService.swift in Sources */ = {isa = PBXBuildFile; fileRef = 7714C95E2B9896A600D5D2F1 /* ProductListService.swift */; };
		7714C9612B98C77A00D5D2F1 /* ProductViewModelTests.swift in Sources */ = {isa = PBXBuildFile; fileRef = 7714C9602B98C77A00D5D2F1 /* ProductViewModelTests.swift */; };
		7714C9682B98DC2D00D5D2F1 /* MockData.json in Resources */ = {isa = PBXBuildFile; fileRef = 7714C9672B98DC2D00D5D2F1 /* MockData.json */; };
		771730D92BA6DC6700091FEF /* ProdcutDetailViewController.swift in Sources */ = {isa = PBXBuildFile; fileRef = 771730D82BA6DC6700091FEF /* ProdcutDetailViewController.swift */; };
		771730DB2BA6E06F00091FEF /* ProductDtailViewModel.swift in Sources */ = {isa = PBXBuildFile; fileRef = 771730DA2BA6E06F00091FEF /* ProductDtailViewModel.swift */; };
		771730E22BA6F80900091FEF /* ProductDetailTableViewCell.swift in Sources */ = {isa = PBXBuildFile; fileRef = 771730E02BA6F80900091FEF /* ProductDetailTableViewCell.swift */; };
		771730E32BA6F80900091FEF /* ProductDetailTableViewCell.xib in Resources */ = {isa = PBXBuildFile; fileRef = 771730E12BA6F80900091FEF /* ProductDetailTableViewCell.xib */; };
		771730E52BA6F82000091FEF /* ProductDetailCellViewModel.swift in Sources */ = {isa = PBXBuildFile; fileRef = 771730E42BA6F82000091FEF /* ProductDetailCellViewModel.swift */; };
		775E11DD2BA60FA100D322D8 /* Products.json in Resources */ = {isa = PBXBuildFile; fileRef = 775E11DC2BA60FA100D322D8 /* Products.json */; };
		775E11E02BA6101000D322D8 /* DatabaseManager.swift in Sources */ = {isa = PBXBuildFile; fileRef = 775E11DF2BA6101000D322D8 /* DatabaseManager.swift */; };
		77D278312BA4949900C572A9 /* Configurable.swift in Sources */ = {isa = PBXBuildFile; fileRef = 77D278302BA4949900C572A9 /* Configurable.swift */; };
		77D278342BA4956600C572A9 /* ProductCellViewModel.swift in Sources */ = {isa = PBXBuildFile; fileRef = 77D278332BA4956600C572A9 /* ProductCellViewModel.swift */; };
		77D278372BA4B01300C572A9 /* Array+Extension.swift in Sources */ = {isa = PBXBuildFile; fileRef = 77D278362BA4B01300C572A9 /* Array+Extension.swift */; };
		77EC32642B96F18A00FE2F18 /* AppDelegate.swift in Sources */ = {isa = PBXBuildFile; fileRef = 77EC32632B96F18A00FE2F18 /* AppDelegate.swift */; };
		77EC32662B96F18A00FE2F18 /* SceneDelegate.swift in Sources */ = {isa = PBXBuildFile; fileRef = 77EC32652B96F18A00FE2F18 /* SceneDelegate.swift */; };
		77EC326B2B96F18A00FE2F18 /* Main.storyboard in Resources */ = {isa = PBXBuildFile; fileRef = 77EC32692B96F18A00FE2F18 /* Main.storyboard */; };
		77EC326E2B96F18A00FE2F18 /* ProductsListMVVM.xcdatamodeld in Sources */ = {isa = PBXBuildFile; fileRef = 77EC326C2B96F18A00FE2F18 /* ProductsListMVVM.xcdatamodeld */; };
		77EC32702B96F18C00FE2F18 /* Assets.xcassets in Resources */ = {isa = PBXBuildFile; fileRef = 77EC326F2B96F18C00FE2F18 /* Assets.xcassets */; };
		77EC32732B96F18C00FE2F18 /* LaunchScreen.storyboard in Resources */ = {isa = PBXBuildFile; fileRef = 77EC32712B96F18C00FE2F18 /* LaunchScreen.storyboard */; };
		77EC327E2B96F18C00FE2F18 /* ProductsListMVVMTests.swift in Sources */ = {isa = PBXBuildFile; fileRef = 77EC327D2B96F18C00FE2F18 /* ProductsListMVVMTests.swift */; };
		77EC32882B96F18C00FE2F18 /* ProductsListMVVMUITests.swift in Sources */ = {isa = PBXBuildFile; fileRef = 77EC32872B96F18C00FE2F18 /* ProductsListMVVMUITests.swift */; };
		77EC328A2B96F18C00FE2F18 /* ProductsListMVVMUITestsLaunchTests.swift in Sources */ = {isa = PBXBuildFile; fileRef = 77EC32892B96F18C00FE2F18 /* ProductsListMVVMUITestsLaunchTests.swift */; };
		77EC32A02B96FC5D00FE2F18 /* Product.swift in Sources */ = {isa = PBXBuildFile; fileRef = 77EC329F2B96FC5D00FE2F18 /* Product.swift */; };
		77EC32A22B96FD3600FE2F18 /* APIManager.swift in Sources */ = {isa = PBXBuildFile; fileRef = 77EC32A12B96FD3600FE2F18 /* APIManager.swift */; };
		77EC32A42B971ED200FE2F18 /* Constant.swift in Sources */ = {isa = PBXBuildFile; fileRef = 77EC32A32B971ED200FE2F18 /* Constant.swift */; };
		77EC32A72B974B3F00FE2F18 /* ProductListViewController.swift in Sources */ = {isa = PBXBuildFile; fileRef = 77EC32A62B974B3F00FE2F18 /* ProductListViewController.swift */; };
		77EC32AA2B97541600FE2F18 /* ProductViewModel.swift in Sources */ = {isa = PBXBuildFile; fileRef = 77EC32A92B97541600FE2F18 /* ProductViewModel.swift */; };
		77EC32AD2B97684D00FE2F18 /* ProductCell.swift in Sources */ = {isa = PBXBuildFile; fileRef = 77EC32AB2B97684D00FE2F18 /* ProductCell.swift */; };
		77EC32AE2B97684D00FE2F18 /* ProductCell.xib in Resources */ = {isa = PBXBuildFile; fileRef = 77EC32AC2B97684D00FE2F18 /* ProductCell.xib */; };
		77EC32B12B978F6000FE2F18 /* Kingfisher in Frameworks */ = {isa = PBXBuildFile; productRef = 77EC32B02B978F6000FE2F18 /* Kingfisher */; };
		77EC32B32B978F8100FE2F18 /* UIImageView+Extension.swift in Sources */ = {isa = PBXBuildFile; fileRef = 77EC32B22B978F8100FE2F18 /* UIImageView+Extension.swift */; };
/* End PBXBuildFile section */

/* Begin PBXContainerItemProxy section */
		77EC327A2B96F18C00FE2F18 /* PBXContainerItemProxy */ = {
			isa = PBXContainerItemProxy;
			containerPortal = 77EC32582B96F18A00FE2F18 /* Project object */;
			proxyType = 1;
			remoteGlobalIDString = 77EC325F2B96F18A00FE2F18;
			remoteInfo = ProductsListMVVM;
		};
		77EC32842B96F18C00FE2F18 /* PBXContainerItemProxy */ = {
			isa = PBXContainerItemProxy;
			containerPortal = 77EC32582B96F18A00FE2F18 /* Project object */;
			proxyType = 1;
			remoteGlobalIDString = 77EC325F2B96F18A00FE2F18;
			remoteInfo = ProductsListMVVM;
		};
/* End PBXContainerItemProxy section */

/* Begin PBXFileReference section */
		7714C9512B986E2A00D5D2F1 /* ProductListUnitTests.swift */ = {isa = PBXFileReference; lastKnownFileType = sourcecode.swift; path = ProductListUnitTests.swift; sourceTree = "<group>"; };
		7714C9572B9879C800D5D2F1 /* MockProductService.swift */ = {isa = PBXFileReference; lastKnownFileType = sourcecode.swift; path = MockProductService.swift; sourceTree = "<group>"; };
		7714C95B2B9891BA00D5D2F1 /* APIRouter.swift */ = {isa = PBXFileReference; lastKnownFileType = sourcecode.swift; path = APIRouter.swift; sourceTree = "<group>"; };
		7714C95E2B9896A600D5D2F1 /* ProductListService.swift */ = {isa = PBXFileReference; lastKnownFileType = sourcecode.swift; path = ProductListService.swift; sourceTree = "<group>"; };
		7714C9602B98C77A00D5D2F1 /* ProductViewModelTests.swift */ = {isa = PBXFileReference; lastKnownFileType = sourcecode.swift; path = ProductViewModelTests.swift; sourceTree = "<group>"; };
		7714C9672B98DC2D00D5D2F1 /* MockData.json */ = {isa = PBXFileReference; lastKnownFileType = text.json; path = MockData.json; sourceTree = "<group>"; };
		771730D82BA6DC6700091FEF /* ProdcutDetailViewController.swift */ = {isa = PBXFileReference; lastKnownFileType = sourcecode.swift; path = ProdcutDetailViewController.swift; sourceTree = "<group>"; };
		771730DA2BA6E06F00091FEF /* ProductDtailViewModel.swift */ = {isa = PBXFileReference; lastKnownFileType = sourcecode.swift; path = ProductDtailViewModel.swift; sourceTree = "<group>"; };
		771730E02BA6F80900091FEF /* ProductDetailTableViewCell.swift */ = {isa = PBXFileReference; lastKnownFileType = sourcecode.swift; path = ProductDetailTableViewCell.swift; sourceTree = "<group>"; };
		771730E12BA6F80900091FEF /* ProductDetailTableViewCell.xib */ = {isa = PBXFileReference; lastKnownFileType = file.xib; path = ProductDetailTableViewCell.xib; sourceTree = "<group>"; };
		771730E42BA6F82000091FEF /* ProductDetailCellViewModel.swift */ = {isa = PBXFileReference; lastKnownFileType = sourcecode.swift; path = ProductDetailCellViewModel.swift; sourceTree = "<group>"; };
		775E11DC2BA60FA100D322D8 /* Products.json */ = {isa = PBXFileReference; lastKnownFileType = text.json; path = Products.json; sourceTree = "<group>"; };
		775E11DF2BA6101000D322D8 /* DatabaseManager.swift */ = {isa = PBXFileReference; lastKnownFileType = sourcecode.swift; path = DatabaseManager.swift; sourceTree = "<group>"; };
		77D278302BA4949900C572A9 /* Configurable.swift */ = {isa = PBXFileReference; lastKnownFileType = sourcecode.swift; path = Configurable.swift; sourceTree = "<group>"; };
		77D278332BA4956600C572A9 /* ProductCellViewModel.swift */ = {isa = PBXFileReference; lastKnownFileType = sourcecode.swift; path = ProductCellViewModel.swift; sourceTree = "<group>"; };
		77D278362BA4B01300C572A9 /* Array+Extension.swift */ = {isa = PBXFileReference; lastKnownFileType = sourcecode.swift; path = "Array+Extension.swift"; sourceTree = "<group>"; };
		77EC32602B96F18A00FE2F18 /* ProductsListMVVM.app */ = {isa = PBXFileReference; explicitFileType = wrapper.application; includeInIndex = 0; path = ProductsListMVVM.app; sourceTree = BUILT_PRODUCTS_DIR; };
		77EC32632B96F18A00FE2F18 /* AppDelegate.swift */ = {isa = PBXFileReference; lastKnownFileType = sourcecode.swift; path = AppDelegate.swift; sourceTree = "<group>"; };
		77EC32652B96F18A00FE2F18 /* SceneDelegate.swift */ = {isa = PBXFileReference; lastKnownFileType = sourcecode.swift; path = SceneDelegate.swift; sourceTree = "<group>"; };
		77EC326A2B96F18A00FE2F18 /* Base */ = {isa = PBXFileReference; lastKnownFileType = file.storyboard; name = Base; path = Base.lproj/Main.storyboard; sourceTree = "<group>"; };
		77EC326D2B96F18A00FE2F18 /* ProductsListMVVM.xcdatamodel */ = {isa = PBXFileReference; lastKnownFileType = wrapper.xcdatamodel; path = ProductsListMVVM.xcdatamodel; sourceTree = "<group>"; };
		77EC326F2B96F18C00FE2F18 /* Assets.xcassets */ = {isa = PBXFileReference; lastKnownFileType = folder.assetcatalog; path = Assets.xcassets; sourceTree = "<group>"; };
		77EC32722B96F18C00FE2F18 /* Base */ = {isa = PBXFileReference; lastKnownFileType = file.storyboard; name = Base; path = Base.lproj/LaunchScreen.storyboard; sourceTree = "<group>"; };
		77EC32742B96F18C00FE2F18 /* Info.plist */ = {isa = PBXFileReference; lastKnownFileType = text.plist.xml; path = Info.plist; sourceTree = "<group>"; };
		77EC32792B96F18C00FE2F18 /* ProductsListMVVMTests.xctest */ = {isa = PBXFileReference; explicitFileType = wrapper.cfbundle; includeInIndex = 0; path = ProductsListMVVMTests.xctest; sourceTree = BUILT_PRODUCTS_DIR; };
		77EC327D2B96F18C00FE2F18 /* ProductsListMVVMTests.swift */ = {isa = PBXFileReference; lastKnownFileType = sourcecode.swift; path = ProductsListMVVMTests.swift; sourceTree = "<group>"; };
		77EC32832B96F18C00FE2F18 /* ProductsListMVVMUITests.xctest */ = {isa = PBXFileReference; explicitFileType = wrapper.cfbundle; includeInIndex = 0; path = ProductsListMVVMUITests.xctest; sourceTree = BUILT_PRODUCTS_DIR; };
		77EC32872B96F18C00FE2F18 /* ProductsListMVVMUITests.swift */ = {isa = PBXFileReference; lastKnownFileType = sourcecode.swift; path = ProductsListMVVMUITests.swift; sourceTree = "<group>"; };
		77EC32892B96F18C00FE2F18 /* ProductsListMVVMUITestsLaunchTests.swift */ = {isa = PBXFileReference; lastKnownFileType = sourcecode.swift; path = ProductsListMVVMUITestsLaunchTests.swift; sourceTree = "<group>"; };
		77EC329F2B96FC5D00FE2F18 /* Product.swift */ = {isa = PBXFileReference; lastKnownFileType = sourcecode.swift; path = Product.swift; sourceTree = "<group>"; };
		77EC32A12B96FD3600FE2F18 /* APIManager.swift */ = {isa = PBXFileReference; lastKnownFileType = sourcecode.swift; path = APIManager.swift; sourceTree = "<group>"; };
		77EC32A32B971ED200FE2F18 /* Constant.swift */ = {isa = PBXFileReference; lastKnownFileType = sourcecode.swift; path = Constant.swift; sourceTree = "<group>"; };
		77EC32A62B974B3F00FE2F18 /* ProductListViewController.swift */ = {isa = PBXFileReference; lastKnownFileType = sourcecode.swift; path = ProductListViewController.swift; sourceTree = "<group>"; };
		77EC32A92B97541600FE2F18 /* ProductViewModel.swift */ = {isa = PBXFileReference; lastKnownFileType = sourcecode.swift; path = ProductViewModel.swift; sourceTree = "<group>"; };
		77EC32AB2B97684D00FE2F18 /* ProductCell.swift */ = {isa = PBXFileReference; lastKnownFileType = sourcecode.swift; path = ProductCell.swift; sourceTree = "<group>"; };
		77EC32AC2B97684D00FE2F18 /* ProductCell.xib */ = {isa = PBXFileReference; lastKnownFileType = file.xib; path = ProductCell.xib; sourceTree = "<group>"; };
		77EC32B22B978F8100FE2F18 /* UIImageView+Extension.swift */ = {isa = PBXFileReference; lastKnownFileType = sourcecode.swift; path = "UIImageView+Extension.swift"; sourceTree = "<group>"; };
/* End PBXFileReference section */

/* Begin PBXFrameworksBuildPhase section */
		77EC325D2B96F18A00FE2F18 /* Frameworks */ = {
			isa = PBXFrameworksBuildPhase;
			buildActionMask = 2147483647;
			files = (
				77EC32B12B978F6000FE2F18 /* Kingfisher in Frameworks */,
			);
			runOnlyForDeploymentPostprocessing = 0;
		};
		77EC32762B96F18C00FE2F18 /* Frameworks */ = {
			isa = PBXFrameworksBuildPhase;
			buildActionMask = 2147483647;
			files = (
			);
			runOnlyForDeploymentPostprocessing = 0;
		};
		77EC32802B96F18C00FE2F18 /* Frameworks */ = {
			isa = PBXFrameworksBuildPhase;
			buildActionMask = 2147483647;
			files = (
			);
			runOnlyForDeploymentPostprocessing = 0;
		};
/* End PBXFrameworksBuildPhase section */

/* Begin PBXGroup section */
		7714C9562B9879B500D5D2F1 /* Mock */ = {
			isa = PBXGroup;
			children = (
				7714C9672B98DC2D00D5D2F1 /* MockData.json */,
				7714C9572B9879C800D5D2F1 /* MockProductService.swift */,
				7714C9602B98C77A00D5D2F1 /* ProductViewModelTests.swift */,
			);
			path = Mock;
			sourceTree = "<group>";
		};
		7714C95D2B98968800D5D2F1 /* Service */ = {
			isa = PBXGroup;
			children = (
				7714C95E2B9896A600D5D2F1 /* ProductListService.swift */,
			);
			path = Service;
			sourceTree = "<group>";
		};
		771730D72BA6DC4100091FEF /* ProductDetail */ = {
			isa = PBXGroup;
			children = (
				771730DD2BA6F7B300091FEF /* ViewModel */,
				771730DC2BA6F7AA00091FEF /* View */,
			);
			path = ProductDetail;
			sourceTree = "<group>";
		};
		771730DC2BA6F7AA00091FEF /* View */ = {
			isa = PBXGroup;
			children = (
				771730DF2BA6F7DC00091FEF /* Cell */,
				771730D82BA6DC6700091FEF /* ProdcutDetailViewController.swift */,
			);
			path = View;
			sourceTree = "<group>";
		};
		771730DD2BA6F7B300091FEF /* ViewModel */ = {
			isa = PBXGroup;
			children = (
				771730DA2BA6E06F00091FEF /* ProductDtailViewModel.swift */,
			);
			path = ViewModel;
			sourceTree = "<group>";
		};
		771730DE2BA6F7C500091FEF /* Cell */ = {
			isa = PBXGroup;
			children = (
				77EC32AB2B97684D00FE2F18 /* ProductCell.swift */,
				77EC32AC2B97684D00FE2F18 /* ProductCell.xib */,
				77D278332BA4956600C572A9 /* ProductCellViewModel.swift */,
			);
			path = Cell;
			sourceTree = "<group>";
		};
		771730DF2BA6F7DC00091FEF /* Cell */ = {
			isa = PBXGroup;
			children = (
				771730E02BA6F80900091FEF /* ProductDetailTableViewCell.swift */,
				771730E12BA6F80900091FEF /* ProductDetailTableViewCell.xib */,
				771730E42BA6F82000091FEF /* ProductDetailCellViewModel.swift */,
			);
			path = Cell;
			sourceTree = "<group>";
		};
		775E11DE2BA60FF800D322D8 /* DatabaseManager */ = {
			isa = PBXGroup;
			children = (
				775E11DF2BA6101000D322D8 /* DatabaseManager.swift */,
			);
			path = DatabaseManager;
			sourceTree = "<group>";
		};
		77D2782F2BA4947B00C572A9 /* Protocol */ = {
			isa = PBXGroup;
			children = (
				77D278302BA4949900C572A9 /* Configurable.swift */,
			);
			path = Protocol;
			sourceTree = "<group>";
		};
		77D278382BA4B31B00C572A9 /* Infrastructure */ = {
			isa = PBXGroup;
			children = (
				77EC32982B96F1B900FE2F18 /* Network */,
			);
			path = Infrastructure;
			sourceTree = "<group>";
		};
		77EC32572B96F18A00FE2F18 = {
			isa = PBXGroup;
			children = (
				77EC32622B96F18A00FE2F18 /* ProductsListMVVM */,
				77EC327C2B96F18C00FE2F18 /* ProductsListMVVMTests */,
				77EC32862B96F18C00FE2F18 /* ProductsListMVVMUITests */,
				77EC32612B96F18A00FE2F18 /* Products */,
			);
			sourceTree = "<group>";
		};
		77EC32612B96F18A00FE2F18 /* Products */ = {
			isa = PBXGroup;
			children = (
				77EC32602B96F18A00FE2F18 /* ProductsListMVVM.app */,
				77EC32792B96F18C00FE2F18 /* ProductsListMVVMTests.xctest */,
				77EC32832B96F18C00FE2F18 /* ProductsListMVVMUITests.xctest */,
			);
			name = Products;
			sourceTree = "<group>";
		};
		77EC32622B96F18A00FE2F18 /* ProductsListMVVM */ = {
			isa = PBXGroup;
			children = (
				77EC329B2B96F1C000FE2F18 /* Application */,
				77EC329A2B96F1BE00FE2F18 /* Constant */,
				77EC32992B96F1BB00FE2F18 /* Extensions */,
				77D278382BA4B31B00C572A9 /* Infrastructure */,
				77D2782F2BA4947B00C572A9 /* Protocol */,
				7714C95D2B98968800D5D2F1 /* Service */,
				775E11DE2BA60FF800D322D8 /* DatabaseManager */,
				77EC32972B96F1B600FE2F18 /* Screens */,
				77EC32962B96F1B200FE2F18 /* Storyboard */,
				77EC329C2B96FA1700FE2F18 /* Resources */,
				77EC32742B96F18C00FE2F18 /* Info.plist */,
				77EC326C2B96F18A00FE2F18 /* ProductsListMVVM.xcdatamodeld */,
			);
			path = ProductsListMVVM;
			sourceTree = "<group>";
		};
		77EC327C2B96F18C00FE2F18 /* ProductsListMVVMTests */ = {
			isa = PBXGroup;
			children = (
				7714C9562B9879B500D5D2F1 /* Mock */,
				77EC327D2B96F18C00FE2F18 /* ProductsListMVVMTests.swift */,
				7714C9512B986E2A00D5D2F1 /* ProductListUnitTests.swift */,
			);
			path = ProductsListMVVMTests;
			sourceTree = "<group>";
		};
		77EC32862B96F18C00FE2F18 /* ProductsListMVVMUITests */ = {
			isa = PBXGroup;
			children = (
				77EC32872B96F18C00FE2F18 /* ProductsListMVVMUITests.swift */,
				77EC32892B96F18C00FE2F18 /* ProductsListMVVMUITestsLaunchTests.swift */,
			);
			path = ProductsListMVVMUITests;
			sourceTree = "<group>";
		};
		77EC32962B96F1B200FE2F18 /* Storyboard */ = {
			isa = PBXGroup;
			children = (
				77EC32692B96F18A00FE2F18 /* Main.storyboard */,
				77EC32712B96F18C00FE2F18 /* LaunchScreen.storyboard */,
			);
			path = Storyboard;
			sourceTree = "<group>";
		};
		77EC32972B96F1B600FE2F18 /* Screens */ = {
			isa = PBXGroup;
			children = (
				771730D72BA6DC4100091FEF /* ProductDetail */,
				77EC329D2B96FC4600FE2F18 /* Product */,
			);
			path = Screens;
			sourceTree = "<group>";
		};
		77EC32982B96F1B900FE2F18 /* Network */ = {
			isa = PBXGroup;
			children = (
				7714C95B2B9891BA00D5D2F1 /* APIRouter.swift */,
				77EC32A12B96FD3600FE2F18 /* APIManager.swift */,
			);
			path = Network;
			sourceTree = "<group>";
		};
		77EC32992B96F1BB00FE2F18 /* Extensions */ = {
			isa = PBXGroup;
			children = (
				77EC32B22B978F8100FE2F18 /* UIImageView+Extension.swift */,
				77D278362BA4B01300C572A9 /* Array+Extension.swift */,
			);
			path = Extensions;
			sourceTree = "<group>";
		};
		77EC329A2B96F1BE00FE2F18 /* Constant */ = {
			isa = PBXGroup;
			children = (
				77EC32A32B971ED200FE2F18 /* Constant.swift */,
			);
			path = Constant;
			sourceTree = "<group>";
		};
		77EC329B2B96F1C000FE2F18 /* Application */ = {
			isa = PBXGroup;
			children = (
				77EC32632B96F18A00FE2F18 /* AppDelegate.swift */,
				77EC32652B96F18A00FE2F18 /* SceneDelegate.swift */,
			);
			path = Application;
			sourceTree = "<group>";
		};
		77EC329C2B96FA1700FE2F18 /* Resources */ = {
			isa = PBXGroup;
			children = (
				77EC326F2B96F18C00FE2F18 /* Assets.xcassets */,
				775E11DC2BA60FA100D322D8 /* Products.json */,
			);
			path = Resources;
			sourceTree = "<group>";
		};
		77EC329D2B96FC4600FE2F18 /* Product */ = {
			isa = PBXGroup;
			children = (
				77EC329E2B96FC5100FE2F18 /* Model */,
				77EC32A52B974B0200FE2F18 /* View */,
				77EC32A82B9753E600FE2F18 /* ProductViewModel */,
			);
			path = Product;
			sourceTree = "<group>";
		};
		77EC329E2B96FC5100FE2F18 /* Model */ = {
			isa = PBXGroup;
			children = (
				77EC329F2B96FC5D00FE2F18 /* Product.swift */,
			);
			path = Model;
			sourceTree = "<group>";
		};
		77EC32A52B974B0200FE2F18 /* View */ = {
			isa = PBXGroup;
			children = (
				771730DE2BA6F7C500091FEF /* Cell */,
				77EC32A62B974B3F00FE2F18 /* ProductListViewController.swift */,
			);
			path = View;
			sourceTree = "<group>";
		};
		77EC32A82B9753E600FE2F18 /* ProductViewModel */ = {
			isa = PBXGroup;
			children = (
				77EC32A92B97541600FE2F18 /* ProductViewModel.swift */,
			);
			path = ProductViewModel;
			sourceTree = "<group>";
		};
/* End PBXGroup section */

/* Begin PBXNativeTarget section */
		77EC325F2B96F18A00FE2F18 /* ProductsListMVVM */ = {
			isa = PBXNativeTarget;
			buildConfigurationList = 77EC328D2B96F18C00FE2F18 /* Build configuration list for PBXNativeTarget "ProductsListMVVM" */;
			buildPhases = (
				77EC325C2B96F18A00FE2F18 /* Sources */,
				77EC325D2B96F18A00FE2F18 /* Frameworks */,
				77EC325E2B96F18A00FE2F18 /* Resources */,
			);
			buildRules = (
			);
			dependencies = (
			);
			name = ProductsListMVVM;
			packageProductDependencies = (
				77EC32B02B978F6000FE2F18 /* Kingfisher */,
			);
			productName = ProductsListMVVM;
			productReference = 77EC32602B96F18A00FE2F18 /* ProductsListMVVM.app */;
			productType = "com.apple.product-type.application";
		};
		77EC32782B96F18C00FE2F18 /* ProductsListMVVMTests */ = {
			isa = PBXNativeTarget;
			buildConfigurationList = 77EC32902B96F18C00FE2F18 /* Build configuration list for PBXNativeTarget "ProductsListMVVMTests" */;
			buildPhases = (
				77EC32752B96F18C00FE2F18 /* Sources */,
				77EC32762B96F18C00FE2F18 /* Frameworks */,
				77EC32772B96F18C00FE2F18 /* Resources */,
			);
			buildRules = (
			);
			dependencies = (
				77EC327B2B96F18C00FE2F18 /* PBXTargetDependency */,
			);
			name = ProductsListMVVMTests;
			productName = ProductsListMVVMTests;
			productReference = 77EC32792B96F18C00FE2F18 /* ProductsListMVVMTests.xctest */;
			productType = "com.apple.product-type.bundle.unit-test";
		};
		77EC32822B96F18C00FE2F18 /* ProductsListMVVMUITests */ = {
			isa = PBXNativeTarget;
			buildConfigurationList = 77EC32932B96F18C00FE2F18 /* Build configuration list for PBXNativeTarget "ProductsListMVVMUITests" */;
			buildPhases = (
				77EC327F2B96F18C00FE2F18 /* Sources */,
				77EC32802B96F18C00FE2F18 /* Frameworks */,
				77EC32812B96F18C00FE2F18 /* Resources */,
			);
			buildRules = (
			);
			dependencies = (
				77EC32852B96F18C00FE2F18 /* PBXTargetDependency */,
			);
			name = ProductsListMVVMUITests;
			productName = ProductsListMVVMUITests;
			productReference = 77EC32832B96F18C00FE2F18 /* ProductsListMVVMUITests.xctest */;
			productType = "com.apple.product-type.bundle.ui-testing";
		};
/* End PBXNativeTarget section */

/* Begin PBXProject section */
		77EC32582B96F18A00FE2F18 /* Project object */ = {
			isa = PBXProject;
			attributes = {
				BuildIndependentTargetsInParallel = 1;
				LastSwiftUpdateCheck = 1520;
				LastUpgradeCheck = 1520;
				TargetAttributes = {
					77EC325F2B96F18A00FE2F18 = {
						CreatedOnToolsVersion = 15.2;
					};
					77EC32782B96F18C00FE2F18 = {
						CreatedOnToolsVersion = 15.2;
						TestTargetID = 77EC325F2B96F18A00FE2F18;
					};
					77EC32822B96F18C00FE2F18 = {
						CreatedOnToolsVersion = 15.2;
						TestTargetID = 77EC325F2B96F18A00FE2F18;
					};
				};
			};
			buildConfigurationList = 77EC325B2B96F18A00FE2F18 /* Build configuration list for PBXProject "ProductsListMVVM" */;
			compatibilityVersion = "Xcode 14.0";
			developmentRegion = en;
			hasScannedForEncodings = 0;
			knownRegions = (
				en,
				Base,
			);
			mainGroup = 77EC32572B96F18A00FE2F18;
			packageReferences = (
				77EC32AF2B978F6000FE2F18 /* XCRemoteSwiftPackageReference "Kingfisher" */,
			);
			productRefGroup = 77EC32612B96F18A00FE2F18 /* Products */;
			projectDirPath = "";
			projectRoot = "";
			targets = (
				77EC325F2B96F18A00FE2F18 /* ProductsListMVVM */,
				77EC32782B96F18C00FE2F18 /* ProductsListMVVMTests */,
				77EC32822B96F18C00FE2F18 /* ProductsListMVVMUITests */,
			);
		};
/* End PBXProject section */

/* Begin PBXResourcesBuildPhase section */
		77EC325E2B96F18A00FE2F18 /* Resources */ = {
			isa = PBXResourcesBuildPhase;
			buildActionMask = 2147483647;
			files = (
				77EC32732B96F18C00FE2F18 /* LaunchScreen.storyboard in Resources */,
				77EC32AE2B97684D00FE2F18 /* ProductCell.xib in Resources */,
				771730E32BA6F80900091FEF /* ProductDetailTableViewCell.xib in Resources */,
				77EC32702B96F18C00FE2F18 /* Assets.xcassets in Resources */,
				77EC326B2B96F18A00FE2F18 /* Main.storyboard in Resources */,
				775E11DD2BA60FA100D322D8 /* Products.json in Resources */,
			);
			runOnlyForDeploymentPostprocessing = 0;
		};
		77EC32772B96F18C00FE2F18 /* Resources */ = {
			isa = PBXResourcesBuildPhase;
			buildActionMask = 2147483647;
			files = (
				7714C9682B98DC2D00D5D2F1 /* MockData.json in Resources */,
			);
			runOnlyForDeploymentPostprocessing = 0;
		};
		77EC32812B96F18C00FE2F18 /* Resources */ = {
			isa = PBXResourcesBuildPhase;
			buildActionMask = 2147483647;
			files = (
			);
			runOnlyForDeploymentPostprocessing = 0;
		};
/* End PBXResourcesBuildPhase section */

/* Begin PBXSourcesBuildPhase section */
		77EC325C2B96F18A00FE2F18 /* Sources */ = {
			isa = PBXSourcesBuildPhase;
			buildActionMask = 2147483647;
			files = (
				775E11E02BA6101000D322D8 /* DatabaseManager.swift in Sources */,
				77EC32B32B978F8100FE2F18 /* UIImageView+Extension.swift in Sources */,
				771730E52BA6F82000091FEF /* ProductDetailCellViewModel.swift in Sources */,
				7714C95C2B9891BA00D5D2F1 /* APIRouter.swift in Sources */,
				77D278342BA4956600C572A9 /* ProductCellViewModel.swift in Sources */,
				771730D92BA6DC6700091FEF /* ProdcutDetailViewController.swift in Sources */,
				77EC32642B96F18A00FE2F18 /* AppDelegate.swift in Sources */,
				77EC32A02B96FC5D00FE2F18 /* Product.swift in Sources */,
				77EC32A72B974B3F00FE2F18 /* ProductListViewController.swift in Sources */,
				77D278372BA4B01300C572A9 /* Array+Extension.swift in Sources */,
				77EC32A22B96FD3600FE2F18 /* APIManager.swift in Sources */,
				771730E22BA6F80900091FEF /* ProductDetailTableViewCell.swift in Sources */,
				77EC32662B96F18A00FE2F18 /* SceneDelegate.swift in Sources */,
				77EC326E2B96F18A00FE2F18 /* ProductsListMVVM.xcdatamodeld in Sources */,
				77D278312BA4949900C572A9 /* Configurable.swift in Sources */,
				77EC32AD2B97684D00FE2F18 /* ProductCell.swift in Sources */,
				77EC32AA2B97541600FE2F18 /* ProductViewModel.swift in Sources */,
				77EC32A42B971ED200FE2F18 /* Constant.swift in Sources */,
				7714C95F2B9896A600D5D2F1 /* ProductListService.swift in Sources */,
				771730DB2BA6E06F00091FEF /* ProductDtailViewModel.swift in Sources */,
			);
			runOnlyForDeploymentPostprocessing = 0;
		};
		77EC32752B96F18C00FE2F18 /* Sources */ = {
			isa = PBXSourcesBuildPhase;
			buildActionMask = 2147483647;
			files = (
				77EC327E2B96F18C00FE2F18 /* ProductsListMVVMTests.swift in Sources */,
				7714C9522B986E2A00D5D2F1 /* ProductListUnitTests.swift in Sources */,
				7714C9612B98C77A00D5D2F1 /* ProductViewModelTests.swift in Sources */,
				7714C9582B9879C800D5D2F1 /* MockProductService.swift in Sources */,
			);
			runOnlyForDeploymentPostprocessing = 0;
		};
		77EC327F2B96F18C00FE2F18 /* Sources */ = {
			isa = PBXSourcesBuildPhase;
			buildActionMask = 2147483647;
			files = (
				77EC328A2B96F18C00FE2F18 /* ProductsListMVVMUITestsLaunchTests.swift in Sources */,
				77EC32882B96F18C00FE2F18 /* ProductsListMVVMUITests.swift in Sources */,
			);
			runOnlyForDeploymentPostprocessing = 0;
		};
/* End PBXSourcesBuildPhase section */

/* Begin PBXTargetDependency section */
		77EC327B2B96F18C00FE2F18 /* PBXTargetDependency */ = {
			isa = PBXTargetDependency;
			target = 77EC325F2B96F18A00FE2F18 /* ProductsListMVVM */;
			targetProxy = 77EC327A2B96F18C00FE2F18 /* PBXContainerItemProxy */;
		};
		77EC32852B96F18C00FE2F18 /* PBXTargetDependency */ = {
			isa = PBXTargetDependency;
			target = 77EC325F2B96F18A00FE2F18 /* ProductsListMVVM */;
			targetProxy = 77EC32842B96F18C00FE2F18 /* PBXContainerItemProxy */;
		};
/* End PBXTargetDependency section */

/* Begin PBXVariantGroup section */
		77EC32692B96F18A00FE2F18 /* Main.storyboard */ = {
			isa = PBXVariantGroup;
			children = (
				77EC326A2B96F18A00FE2F18 /* Base */,
			);
			name = Main.storyboard;
			sourceTree = "<group>";
		};
		77EC32712B96F18C00FE2F18 /* LaunchScreen.storyboard */ = {
			isa = PBXVariantGroup;
			children = (
				77EC32722B96F18C00FE2F18 /* Base */,
			);
			name = LaunchScreen.storyboard;
			sourceTree = "<group>";
		};
/* End PBXVariantGroup section */

/* Begin XCBuildConfiguration section */
		77EC328B2B96F18C00FE2F18 /* Debug */ = {
			isa = XCBuildConfiguration;
			buildSettings = {
				ALWAYS_SEARCH_USER_PATHS = NO;
				ASSETCATALOG_COMPILER_GENERATE_SWIFT_ASSET_SYMBOL_EXTENSIONS = YES;
				CLANG_ANALYZER_NONNULL = YES;
				CLANG_ANALYZER_NUMBER_OBJECT_CONVERSION = YES_AGGRESSIVE;
				CLANG_CXX_LANGUAGE_STANDARD = "gnu++20";
				CLANG_ENABLE_MODULES = YES;
				CLANG_ENABLE_OBJC_ARC = YES;
				CLANG_ENABLE_OBJC_WEAK = YES;
				CLANG_WARN_BLOCK_CAPTURE_AUTORELEASING = YES;
				CLANG_WARN_BOOL_CONVERSION = YES;
				CLANG_WARN_COMMA = YES;
				CLANG_WARN_CONSTANT_CONVERSION = YES;
				CLANG_WARN_DEPRECATED_OBJC_IMPLEMENTATIONS = YES;
				CLANG_WARN_DIRECT_OBJC_ISA_USAGE = YES_ERROR;
				CLANG_WARN_DOCUMENTATION_COMMENTS = YES;
				CLANG_WARN_EMPTY_BODY = YES;
				CLANG_WARN_ENUM_CONVERSION = YES;
				CLANG_WARN_INFINITE_RECURSION = YES;
				CLANG_WARN_INT_CONVERSION = YES;
				CLANG_WARN_NON_LITERAL_NULL_CONVERSION = YES;
				CLANG_WARN_OBJC_IMPLICIT_RETAIN_SELF = YES;
				CLANG_WARN_OBJC_LITERAL_CONVERSION = YES;
				CLANG_WARN_OBJC_ROOT_CLASS = YES_ERROR;
				CLANG_WARN_QUOTED_INCLUDE_IN_FRAMEWORK_HEADER = YES;
				CLANG_WARN_RANGE_LOOP_ANALYSIS = YES;
				CLANG_WARN_STRICT_PROTOTYPES = YES;
				CLANG_WARN_SUSPICIOUS_MOVE = YES;
				CLANG_WARN_UNGUARDED_AVAILABILITY = YES_AGGRESSIVE;
				CLANG_WARN_UNREACHABLE_CODE = YES;
				CLANG_WARN__DUPLICATE_METHOD_MATCH = YES;
				COPY_PHASE_STRIP = NO;
				DEBUG_INFORMATION_FORMAT = dwarf;
				ENABLE_STRICT_OBJC_MSGSEND = YES;
				ENABLE_TESTABILITY = YES;
				ENABLE_USER_SCRIPT_SANDBOXING = YES;
				GCC_C_LANGUAGE_STANDARD = gnu17;
				GCC_DYNAMIC_NO_PIC = NO;
				GCC_NO_COMMON_BLOCKS = YES;
				GCC_OPTIMIZATION_LEVEL = 0;
				GCC_PREPROCESSOR_DEFINITIONS = (
					"DEBUG=1",
					"$(inherited)",
				);
				GCC_WARN_64_TO_32_BIT_CONVERSION = YES;
				GCC_WARN_ABOUT_RETURN_TYPE = YES_ERROR;
				GCC_WARN_UNDECLARED_SELECTOR = YES;
				GCC_WARN_UNINITIALIZED_AUTOS = YES_AGGRESSIVE;
				GCC_WARN_UNUSED_FUNCTION = YES;
				GCC_WARN_UNUSED_VARIABLE = YES;
				IPHONEOS_DEPLOYMENT_TARGET = 17.2;
				LOCALIZATION_PREFERS_STRING_CATALOGS = YES;
				MTL_ENABLE_DEBUG_INFO = INCLUDE_SOURCE;
				MTL_FAST_MATH = YES;
				ONLY_ACTIVE_ARCH = YES;
				SDKROOT = iphoneos;
				SWIFT_ACTIVE_COMPILATION_CONDITIONS = "DEBUG $(inherited)";
				SWIFT_OPTIMIZATION_LEVEL = "-Onone";
			};
			name = Debug;
		};
		77EC328C2B96F18C00FE2F18 /* Release */ = {
			isa = XCBuildConfiguration;
			buildSettings = {
				ALWAYS_SEARCH_USER_PATHS = NO;
				ASSETCATALOG_COMPILER_GENERATE_SWIFT_ASSET_SYMBOL_EXTENSIONS = YES;
				CLANG_ANALYZER_NONNULL = YES;
				CLANG_ANALYZER_NUMBER_OBJECT_CONVERSION = YES_AGGRESSIVE;
				CLANG_CXX_LANGUAGE_STANDARD = "gnu++20";
				CLANG_ENABLE_MODULES = YES;
				CLANG_ENABLE_OBJC_ARC = YES;
				CLANG_ENABLE_OBJC_WEAK = YES;
				CLANG_WARN_BLOCK_CAPTURE_AUTORELEASING = YES;
				CLANG_WARN_BOOL_CONVERSION = YES;
				CLANG_WARN_COMMA = YES;
				CLANG_WARN_CONSTANT_CONVERSION = YES;
				CLANG_WARN_DEPRECATED_OBJC_IMPLEMENTATIONS = YES;
				CLANG_WARN_DIRECT_OBJC_ISA_USAGE = YES_ERROR;
				CLANG_WARN_DOCUMENTATION_COMMENTS = YES;
				CLANG_WARN_EMPTY_BODY = YES;
				CLANG_WARN_ENUM_CONVERSION = YES;
				CLANG_WARN_INFINITE_RECURSION = YES;
				CLANG_WARN_INT_CONVERSION = YES;
				CLANG_WARN_NON_LITERAL_NULL_CONVERSION = YES;
				CLANG_WARN_OBJC_IMPLICIT_RETAIN_SELF = YES;
				CLANG_WARN_OBJC_LITERAL_CONVERSION = YES;
				CLANG_WARN_OBJC_ROOT_CLASS = YES_ERROR;
				CLANG_WARN_QUOTED_INCLUDE_IN_FRAMEWORK_HEADER = YES;
				CLANG_WARN_RANGE_LOOP_ANALYSIS = YES;
				CLANG_WARN_STRICT_PROTOTYPES = YES;
				CLANG_WARN_SUSPICIOUS_MOVE = YES;
				CLANG_WARN_UNGUARDED_AVAILABILITY = YES_AGGRESSIVE;
				CLANG_WARN_UNREACHABLE_CODE = YES;
				CLANG_WARN__DUPLICATE_METHOD_MATCH = YES;
				COPY_PHASE_STRIP = NO;
				DEBUG_INFORMATION_FORMAT = "dwarf-with-dsym";
				ENABLE_NS_ASSERTIONS = NO;
				ENABLE_STRICT_OBJC_MSGSEND = YES;
				ENABLE_USER_SCRIPT_SANDBOXING = YES;
				GCC_C_LANGUAGE_STANDARD = gnu17;
				GCC_NO_COMMON_BLOCKS = YES;
				GCC_WARN_64_TO_32_BIT_CONVERSION = YES;
				GCC_WARN_ABOUT_RETURN_TYPE = YES_ERROR;
				GCC_WARN_UNDECLARED_SELECTOR = YES;
				GCC_WARN_UNINITIALIZED_AUTOS = YES_AGGRESSIVE;
				GCC_WARN_UNUSED_FUNCTION = YES;
				GCC_WARN_UNUSED_VARIABLE = YES;
				IPHONEOS_DEPLOYMENT_TARGET = 17.2;
				LOCALIZATION_PREFERS_STRING_CATALOGS = YES;
				MTL_ENABLE_DEBUG_INFO = NO;
				MTL_FAST_MATH = YES;
				SDKROOT = iphoneos;
				SWIFT_COMPILATION_MODE = wholemodule;
				VALIDATE_PRODUCT = YES;
			};
			name = Release;
		};
		77EC328E2B96F18C00FE2F18 /* Debug */ = {
			isa = XCBuildConfiguration;
			buildSettings = {
				ASSETCATALOG_COMPILER_APPICON_NAME = AppIcon;
				ASSETCATALOG_COMPILER_GLOBAL_ACCENT_COLOR_NAME = AccentColor;
				CODE_SIGN_STYLE = Automatic;
				CURRENT_PROJECT_VERSION = 1;
				DEVELOPMENT_TEAM = 2ZER7K53MY;
				GENERATE_INFOPLIST_FILE = YES;
				INFOPLIST_FILE = ProductsListMVVM/Info.plist;
				INFOPLIST_KEY_UIApplicationSupportsIndirectInputEvents = YES;
				INFOPLIST_KEY_UILaunchStoryboardName = LaunchScreen;
				INFOPLIST_KEY_UIMainStoryboardFile = Main;
				INFOPLIST_KEY_UISupportedInterfaceOrientations_iPad = "UIInterfaceOrientationPortrait UIInterfaceOrientationPortraitUpsideDown UIInterfaceOrientationLandscapeLeft UIInterfaceOrientationLandscapeRight";
				INFOPLIST_KEY_UISupportedInterfaceOrientations_iPhone = "UIInterfaceOrientationPortrait UIInterfaceOrientationLandscapeLeft UIInterfaceOrientationLandscapeRight";
				LD_RUNPATH_SEARCH_PATHS = (
					"$(inherited)",
					"@executable_path/Frameworks",
				);
				MARKETING_VERSION = 1.0;
				PRODUCT_BUNDLE_IDENTIFIER = com.productslistMVVM.ProductsListMVVM;
				PRODUCT_NAME = "$(TARGET_NAME)";
				SWIFT_EMIT_LOC_STRINGS = YES;
				SWIFT_VERSION = 5.0;
				TARGETED_DEVICE_FAMILY = "1,2";
			};
			name = Debug;
		};
		77EC328F2B96F18C00FE2F18 /* Release */ = {
			isa = XCBuildConfiguration;
			buildSettings = {
				ASSETCATALOG_COMPILER_APPICON_NAME = AppIcon;
				ASSETCATALOG_COMPILER_GLOBAL_ACCENT_COLOR_NAME = AccentColor;
				CODE_SIGN_STYLE = Automatic;
				CURRENT_PROJECT_VERSION = 1;
				DEVELOPMENT_TEAM = 2ZER7K53MY;
				GENERATE_INFOPLIST_FILE = YES;
				INFOPLIST_FILE = ProductsListMVVM/Info.plist;
				INFOPLIST_KEY_UIApplicationSupportsIndirectInputEvents = YES;
				INFOPLIST_KEY_UILaunchStoryboardName = LaunchScreen;
				INFOPLIST_KEY_UIMainStoryboardFile = Main;
				INFOPLIST_KEY_UISupportedInterfaceOrientations_iPad = "UIInterfaceOrientationPortrait UIInterfaceOrientationPortraitUpsideDown UIInterfaceOrientationLandscapeLeft UIInterfaceOrientationLandscapeRight";
				INFOPLIST_KEY_UISupportedInterfaceOrientations_iPhone = "UIInterfaceOrientationPortrait UIInterfaceOrientationLandscapeLeft UIInterfaceOrientationLandscapeRight";
				LD_RUNPATH_SEARCH_PATHS = (
					"$(inherited)",
					"@executable_path/Frameworks",
				);
				MARKETING_VERSION = 1.0;
				PRODUCT_BUNDLE_IDENTIFIER = com.productslistMVVM.ProductsListMVVM;
				PRODUCT_NAME = "$(TARGET_NAME)";
				SWIFT_EMIT_LOC_STRINGS = YES;
				SWIFT_VERSION = 5.0;
				TARGETED_DEVICE_FAMILY = "1,2";
			};
			name = Release;
		};
		77EC32912B96F18C00FE2F18 /* Debug */ = {
			isa = XCBuildConfiguration;
			buildSettings = {
				ALWAYS_EMBED_SWIFT_STANDARD_LIBRARIES = YES;
				BUNDLE_LOADER = "$(TEST_HOST)";
				CODE_SIGN_STYLE = Automatic;
				CURRENT_PROJECT_VERSION = 1;
				DEVELOPMENT_TEAM = 2ZER7K53MY;
				GENERATE_INFOPLIST_FILE = YES;
				IPHONEOS_DEPLOYMENT_TARGET = 17.2;
				MARKETING_VERSION = 1.0;
				PRODUCT_BUNDLE_IDENTIFIER = com.productslistMVVM.ProductsListMVVMTests;
				PRODUCT_NAME = "$(TARGET_NAME)";
				SWIFT_EMIT_LOC_STRINGS = NO;
				SWIFT_VERSION = 5.0;
				TARGETED_DEVICE_FAMILY = "1,2";
				TEST_HOST = "$(BUILT_PRODUCTS_DIR)/ProductsListMVVM.app/$(BUNDLE_EXECUTABLE_FOLDER_PATH)/ProductsListMVVM";
			};
			name = Debug;
		};
		77EC32922B96F18C00FE2F18 /* Release */ = {
			isa = XCBuildConfiguration;
			buildSettings = {
				ALWAYS_EMBED_SWIFT_STANDARD_LIBRARIES = YES;
				BUNDLE_LOADER = "$(TEST_HOST)";
				CODE_SIGN_STYLE = Automatic;
				CURRENT_PROJECT_VERSION = 1;
				DEVELOPMENT_TEAM = 2ZER7K53MY;
				GENERATE_INFOPLIST_FILE = YES;
				IPHONEOS_DEPLOYMENT_TARGET = 17.2;
				MARKETING_VERSION = 1.0;
				PRODUCT_BUNDLE_IDENTIFIER = com.productslistMVVM.ProductsListMVVMTests;
				PRODUCT_NAME = "$(TARGET_NAME)";
				SWIFT_EMIT_LOC_STRINGS = NO;
				SWIFT_VERSION = 5.0;
				TARGETED_DEVICE_FAMILY = "1,2";
				TEST_HOST = "$(BUILT_PRODUCTS_DIR)/ProductsListMVVM.app/$(BUNDLE_EXECUTABLE_FOLDER_PATH)/ProductsListMVVM";
			};
			name = Release;
		};
		77EC32942B96F18C00FE2F18 /* Debug */ = {
			isa = XCBuildConfiguration;
			buildSettings = {
				ALWAYS_EMBED_SWIFT_STANDARD_LIBRARIES = YES;
				CODE_SIGN_STYLE = Automatic;
				CURRENT_PROJECT_VERSION = 1;
				DEVELOPMENT_TEAM = 2ZER7K53MY;
				GENERATE_INFOPLIST_FILE = YES;
				MARKETING_VERSION = 1.0;
				PRODUCT_BUNDLE_IDENTIFIER = com.productslistMVVM.ProductsListMVVMUITests;
				PRODUCT_NAME = "$(TARGET_NAME)";
				SWIFT_EMIT_LOC_STRINGS = NO;
				SWIFT_VERSION = 5.0;
				TARGETED_DEVICE_FAMILY = "1,2";
				TEST_TARGET_NAME = ProductsListMVVM;
			};
			name = Debug;
		};
		77EC32952B96F18C00FE2F18 /* Release */ = {
			isa = XCBuildConfiguration;
			buildSettings = {
				ALWAYS_EMBED_SWIFT_STANDARD_LIBRARIES = YES;
				CODE_SIGN_STYLE = Automatic;
				CURRENT_PROJECT_VERSION = 1;
				DEVELOPMENT_TEAM = 2ZER7K53MY;
				GENERATE_INFOPLIST_FILE = YES;
				MARKETING_VERSION = 1.0;
				PRODUCT_BUNDLE_IDENTIFIER = com.productslistMVVM.ProductsListMVVMUITests;
				PRODUCT_NAME = "$(TARGET_NAME)";
				SWIFT_EMIT_LOC_STRINGS = NO;
				SWIFT_VERSION = 5.0;
				TARGETED_DEVICE_FAMILY = "1,2";
				TEST_TARGET_NAME = ProductsListMVVM;
			};
			name = Release;
		};
/* End XCBuildConfiguration section */

/* Begin XCConfigurationList section */
		77EC325B2B96F18A00FE2F18 /* Build configuration list for PBXProject "ProductsListMVVM" */ = {
			isa = XCConfigurationList;
			buildConfigurations = (
				77EC328B2B96F18C00FE2F18 /* Debug */,
				77EC328C2B96F18C00FE2F18 /* Release */,
			);
			defaultConfigurationIsVisible = 0;
			defaultConfigurationName = Release;
		};
		77EC328D2B96F18C00FE2F18 /* Build configuration list for PBXNativeTarget "ProductsListMVVM" */ = {
			isa = XCConfigurationList;
			buildConfigurations = (
				77EC328E2B96F18C00FE2F18 /* Debug */,
				77EC328F2B96F18C00FE2F18 /* Release */,
			);
			defaultConfigurationIsVisible = 0;
			defaultConfigurationName = Release;
		};
		77EC32902B96F18C00FE2F18 /* Build configuration list for PBXNativeTarget "ProductsListMVVMTests" */ = {
			isa = XCConfigurationList;
			buildConfigurations = (
				77EC32912B96F18C00FE2F18 /* Debug */,
				77EC32922B96F18C00FE2F18 /* Release */,
			);
			defaultConfigurationIsVisible = 0;
			defaultConfigurationName = Release;
		};
		77EC32932B96F18C00FE2F18 /* Build configuration list for PBXNativeTarget "ProductsListMVVMUITests" */ = {
			isa = XCConfigurationList;
			buildConfigurations = (
				77EC32942B96F18C00FE2F18 /* Debug */,
				77EC32952B96F18C00FE2F18 /* Release */,
			);
			defaultConfigurationIsVisible = 0;
			defaultConfigurationName = Release;
		};
/* End XCConfigurationList section */

/* Begin XCRemoteSwiftPackageReference section */
		77EC32AF2B978F6000FE2F18 /* XCRemoteSwiftPackageReference "Kingfisher" */ = {
			isa = XCRemoteSwiftPackageReference;
			repositoryURL = "https://github.com/onevcat/Kingfisher.git";
			requirement = {
				kind = upToNextMajorVersion;
				minimumVersion = 7.11.0;
			};
		};
/* End XCRemoteSwiftPackageReference section */

/* Begin XCSwiftPackageProductDependency section */
		77EC32B02B978F6000FE2F18 /* Kingfisher */ = {
			isa = XCSwiftPackageProductDependency;
			package = 77EC32AF2B978F6000FE2F18 /* XCRemoteSwiftPackageReference "Kingfisher" */;
			productName = Kingfisher;
		};
/* End XCSwiftPackageProductDependency section */

/* Begin XCVersionGroup section */
		77EC326C2B96F18A00FE2F18 /* ProductsListMVVM.xcdatamodeld */ = {
			isa = XCVersionGroup;
			children = (
				77EC326D2B96F18A00FE2F18 /* ProductsListMVVM.xcdatamodel */,
			);
			currentVersion = 77EC326D2B96F18A00FE2F18 /* ProductsListMVVM.xcdatamodel */;
			path = ProductsListMVVM.xcdatamodeld;
			sourceTree = "<group>";
			versionGroupType = wrapper.xcdatamodel;
		};
/* End XCVersionGroup section */
	};
	rootObject = 77EC32582B96F18A00FE2F18 /* Project object */;
}
